schema: '2.0'
stages:
  preprocess:
    cmd: python scripts/preprocess.py --strategy explicit
    deps:
    - path: data/raw/ratings.csv
      hash: md5
      md5: 325a6f09399d1c45671f187505e1a100
      size: 2483723
    - path: scripts/preprocess.py
      hash: md5
      md5: 44887c03458efa5b0d5b4c376a0b8137
      size: 1495
    params:
      params.yaml:
        preprocess.strategy: explicit
    outs:
    - path: data/processed/preprocessed_ratings.parquet
      hash: md5
      md5: a371407cd75b1b83abc1395418da33de
      size: 831806
  enrich_metadata:
    cmd: python scripts/enrich_metadata.py
    deps:
    - path: data/processed/movie_metadata.parquet
      hash: md5
      md5: deb6c0c4effcdb1e94420b13d5e50cdc
      size: 7839353
    - path: data/raw/links.csv
      hash: md5
      md5: 316913f95cdad64c745ca22f3630e230
      size: 197979
    - path: data/raw/movies.csv
      hash: md5
      md5: ed94fab72b62442ef8150d9446e000d6
      size: 494431
    - path: scripts/enrich_metadata.py
      hash: md5
      md5: b6652cec3a3bf3bfd4053b76bc3b7564
      size: 1759
    outs:
    - path: data/processed/enriched_metadata.parquet
      hash: md5
      md5: a1a0721b2f92001ceeb71afa88ce94b4
      size: 3145930
  feature_eng:
    cmd: python scripts/feature_engineering.py
    deps:
    - path: data/processed/enriched_metadata.parquet
      hash: md5
      md5: a1a0721b2f92001ceeb71afa88ce94b4
      size: 3145930
    - path: data/processed/preprocessed_ratings.parquet
      hash: md5
      md5: a371407cd75b1b83abc1395418da33de
      size: 831806
    - path: scripts/feature_engineering.py
      hash: md5
      md5: 6e133cad631cacad81cab8d218fdb911
      size: 1762
    outs:
    - path: data/processed/features_ratings.parquet
      hash: md5
      md5: dc13d7f36f2366e95c6d715e3639eb5a
      size: 1043794
  train:
    cmd: python scripts/train.py --epochs 10 --lr 0.001 --batch-size 1024 
      --embedding-dim 32 --hidden-dim 128 --dropout 0.2 --model-type torch_mlp 
      --val-split 0.1 --patience 3 --seed 42
    deps:
    - path: data/processed/features_ratings.parquet
      hash: md5
      md5: dc13d7f36f2366e95c6d715e3639eb5a
      size: 1043794
    - path: scripts/train.py
      hash: md5
      md5: 40dd38dadc61e6dd80e90113a3d18345
      size: 7587
    params:
      params.yaml:
        train.batch_size: 1024
        train.dropout: 0.2
        train.embedding_dim: 32
        train.epochs: 10
        train.hidden_dim: 128
        train.lr: 0.001
        train.model_type: torch_mlp
        train.patience: 3
        train.seed: 42
        train.val_split: 0.1
    outs:
    - path: models/model.pth
      hash: md5
      md5: b119c0cd5ac661246c6402873a169333
      size: 1394801
  evaluate:
    cmd: python scripts/evaluate.py --model-type torch_mlp --experiment-name 
      movie-rec-sys-training --registry-model-name movie-rec-sys
    deps:
    - path: data/processed/features_ratings.parquet
      hash: md5
      md5: dc13d7f36f2366e95c6d715e3639eb5a
      size: 1043794
    - path: models/model.pth
      hash: md5
      md5: b119c0cd5ac661246c6402873a169333
      size: 1394801
    - path: scripts/evaluate.py
      hash: md5
      md5: 6d98cf6db602e310ed72565dee99f44a
      size: 13305
    params:
      params.yaml:
        mlflow.experiment_name: movie-rec-sys-training
        mlflow.registry_model_name: movie-rec-sys
        train.model_type: torch_mlp
    outs:
    - path: metrics.json
      hash: md5
      md5: fc5a3461c3afe2180e8c2325a6471ffb
      size: 3093
