schema: '2.0'
stages:
  preprocess:
    cmd: python scripts/prepare_raw_aliases.py && python scripts/preprocess.py 
      --strategy explicit
    deps:
    - path: scripts/prepare_raw_aliases.py
      hash: md5
      md5: 751f4f8265eee13098a15e183422929c
      size: 706
    - path: scripts/preprocess.py
      hash: md5
      md5: 44887c03458efa5b0d5b4c376a0b8137
      size: 1495
    - path: src/data/external/movielens_io.py
      hash: md5
      md5: 3e89e609e9bd79d6b2d79b80676d4bdc
      size: 1638
    - path: src/data/raw_aliases.py
      hash: md5
      md5: 01a736d8aad15b1e4dec3dce9f8b27b4
      size: 1888
    params:
      params.yaml:
        preprocess.strategy: explicit
    outs:
    - path: data/processed/preprocessed_ratings.parquet
      hash: md5
      md5: a371407cd75b1b83abc1395418da33de
      size: 831806
  enrich_metadata:
    cmd: python scripts/prepare_raw_aliases.py && python 
      scripts/enrich_metadata.py
    deps:
    - path: data/processed/movie_metadata.parquet
      hash: md5
      md5: deb6c0c4effcdb1e94420b13d5e50cdc
      size: 7839353
    - path: scripts/enrich_metadata.py
      hash: md5
      md5: b6652cec3a3bf3bfd4053b76bc3b7564
      size: 1759
    - path: scripts/prepare_raw_aliases.py
      hash: md5
      md5: 751f4f8265eee13098a15e183422929c
      size: 706
    - path: src/data/external/movielens_io.py
      hash: md5
      md5: 3e89e609e9bd79d6b2d79b80676d4bdc
      size: 1638
    outs:
    - path: data/processed/enriched_metadata.parquet
      hash: md5
      md5: a1a0721b2f92001ceeb71afa88ce94b4
      size: 3145930
  feature_eng:
    cmd: python scripts/feature_engineering.py
    deps:
    - path: data/processed/enriched_metadata.parquet
      hash: md5
      md5: a1a0721b2f92001ceeb71afa88ce94b4
      size: 3145930
    - path: data/processed/preprocessed_ratings.parquet
      hash: md5
      md5: a371407cd75b1b83abc1395418da33de
      size: 831806
    - path: scripts/feature_engineering.py
      hash: md5
      md5: db18badf2d47eb7ed009a494569ac455
      size: 2284
    outs:
    - path: data/processed/features_ratings.parquet
      hash: md5
      md5: af39b53bbee18836e637e03b1f15810f
      size: 1405644
  train:
    cmd: python scripts/train.py --epochs 10 --lr 0.001 --batch-size 1024 
      --embedding-dim 32 --hidden-dim 128 --dropout 0.2 --model-type torch_mlp 
      --val-split 0.1 --patience 3 --seed 42
    deps:
    - path: data/processed/features_ratings.parquet
      hash: md5
      md5: af39b53bbee18836e637e03b1f15810f
      size: 1405644
    - path: scripts/train.py
      hash: md5
      md5: 57085817bcbc369219ee5c5adafe9597
      size: 7040
    - path: src/training/loop.py
      hash: md5
      md5: 1b93e4334f10b59136e313c86e588583
      size: 3403
    params:
      params.yaml:
        train.batch_size: 1024
        train.dropout: 0.2
        train.embedding_dim: 32
        train.epochs: 10
        train.hidden_dim: 128
        train.lr: 0.001
        train.model_type: torch_mlp
        train.patience: 3
        train.seed: 42
        train.val_split: 0.1
    outs:
    - path: models/model.pth
      hash: md5
      md5: b119c0cd5ac661246c6402873a169333
      size: 1394801
  evaluate:
    cmd: python scripts/evaluate.py --model-type torch_mlp --experiment-name 
      movie-rec-sys-training --registry-model-name movie-rec-sys
    deps:
    - path: data/processed/features_ratings.parquet
      hash: md5
      md5: af39b53bbee18836e637e03b1f15810f
      size: 1405644
    - path: models/model.pth
      hash: md5
      md5: b119c0cd5ac661246c6402873a169333
      size: 1394801
    - path: scripts/evaluate.py
      hash: md5
      md5: 2f228409c551c2729e26eef28bcde3fd
      size: 5385
    - path: src/evaluation/champion.py
      hash: md5
      md5: 365dcaf1d08790b69dbc433f53d2e3cb
      size: 1005
    - path: src/evaluation/runner.py
      hash: md5
      md5: 05931e7e5028eec6bd43d34f6df748db
      size: 10945
    params:
      params.yaml:
        mlflow.experiment_name: movie-rec-sys-training
        mlflow.registry_model_name: movie-rec-sys
        train.model_type: torch_mlp
    outs:
    - path: metrics.json
      hash: md5
      md5: d7bbc45e77dcd5023648abecb46b0487
      size: 3093
